// !$*UTF8*$!
{
	archiveVersion = 1;
	classes = {
	};
	objectVersion = 50;
	objects = {

/* Begin PBXBuildFile section */
		A99CBEE326BCC28800E0EC58 /* CircleImage.swift in Sources */ = {isa = PBXBuildFile; fileRef = A99CBEE226BCC28800E0EC58 /* CircleImage.swift */; };
		A99CBEEA26BD10F600E0EC58 /* Taxi.swift in Sources */ = {isa = PBXBuildFile; fileRef = A99CBEE926BD10F600E0EC58 /* Taxi.swift */; };
		A99CBEEE26BEC60F00E0EC58 /* ModelData.swift in Sources */ = {isa = PBXBuildFile; fileRef = A99CBEED26BEC60F00E0EC58 /* ModelData.swift */; };
		A99CBEF026BEC6C400E0EC58 /* taxi.json in Resources */ = {isa = PBXBuildFile; fileRef = A99CBEEF26BEC6C400E0EC58 /* taxi.json */; };
		A99CBEF226C0DB8800E0EC58 /* MapView.swift in Sources */ = {isa = PBXBuildFile; fileRef = A99CBEF126C0DB8800E0EC58 /* MapView.swift */; };
		A99F9F0926BC140F003A2D41 /* FlaggedDownApp.swift in Sources */ = {isa = PBXBuildFile; fileRef = A99F9F0826BC140F003A2D41 /* FlaggedDownApp.swift */; };
		A99F9F0B26BC140F003A2D41 /* ContentView.swift in Sources */ = {isa = PBXBuildFile; fileRef = A99F9F0A26BC140F003A2D41 /* ContentView.swift */; };
		A99F9F0D26BC1410003A2D41 /* Assets.xcassets in Resources */ = {isa = PBXBuildFile; fileRef = A99F9F0C26BC1410003A2D41 /* Assets.xcassets */; };
		A99F9F1026BC1410003A2D41 /* Preview Assets.xcassets in Resources */ = {isa = PBXBuildFile; fileRef = A99F9F0F26BC1410003A2D41 /* Preview Assets.xcassets */; };
/* End PBXBuildFile section */

/* Begin PBXFileReference section */
		A99CBEE226BCC28800E0EC58 /* CircleImage.swift */ = {isa = PBXFileReference; lastKnownFileType = sourcecode.swift; path = CircleImage.swift; sourceTree = "<group>"; };
		A99CBEE926BD10F600E0EC58 /* Taxi.swift */ = {isa = PBXFileReference; lastKnownFileType = sourcecode.swift; path = Taxi.swift; sourceTree = "<group>"; };
		A99CBEED26BEC60F00E0EC58 /* ModelData.swift */ = {isa = PBXFileReference; lastKnownFileType = sourcecode.swift; path = ModelData.swift; sourceTree = "<group>"; };
		A99CBEEF26BEC6C400E0EC58 /* taxi.json */ = {isa = PBXFileReference; fileEncoding = 4; lastKnownFileType = text.json; path = taxi.json; sourceTree = "<group>"; };
		A99CBEF126C0DB8800E0EC58 /* MapView.swift */ = {isa = PBXFileReference; lastKnownFileType = sourcecode.swift; path = MapView.swift; sourceTree = "<group>"; };
		A99F9F0526BC140F003A2D41 /* FlaggedDown.app */ = {isa = PBXFileReference; explicitFileType = wrapper.application; includeInIndex = 0; path = FlaggedDown.app; sourceTree = BUILT_PRODUCTS_DIR; };
		A99F9F0826BC140F003A2D41 /* FlaggedDownApp.swift */ = {isa = PBXFileReference; lastKnownFileType = sourcecode.swift; path = FlaggedDownApp.swift; sourceTree = "<group>"; };
		A99F9F0A26BC140F003A2D41 /* ContentView.swift */ = {isa = PBXFileReference; lastKnownFileType = sourcecode.swift; path = ContentView.swift; sourceTree = "<group>"; };
		A99F9F0C26BC1410003A2D41 /* Assets.xcassets */ = {isa = PBXFileReference; lastKnownFileType = folder.assetcatalog; path = Assets.xcassets; sourceTree = "<group>"; };
		A99F9F0F26BC1410003A2D41 /* Preview Assets.xcassets */ = {isa = PBXFileReference; lastKnownFileType = folder.assetcatalog; path = "Preview Assets.xcassets"; sourceTree = "<group>"; };
		A99F9F1126BC1410003A2D41 /* Info.plist */ = {isa = PBXFileReference; lastKnownFileType = text.plist.xml; path = Info.plist; sourceTree = "<group>"; };
/* End PBXFileReference section */

/* Begin PBXFrameworksBuildPhase section */
		A99F9F0226BC140F003A2D41 /* Frameworks */ = {
			isa = PBXFrameworksBuildPhase;
			buildActionMask = 2147483647;
			files = (
			);
			runOnlyForDeploymentPostprocessing = 0;
		};
/* End PBXFrameworksBuildPhase section */

/* Begin PBXGroup section */
		A99CBEE626BD10C000E0EC58 /* Resources */ = {
			isa = PBXGroup;
			children = (
				A99CBEEF26BEC6C400E0EC58 /* taxi.json */,
			);
			path = Resources;
			sourceTree = "<group>";
		};
		A99CBEEB26BD12DD00E0EC58 /* Model */ = {
			isa = PBXGroup;
			children = (
				A99CBEE926BD10F600E0EC58 /* Taxi.swift */,
				A99CBEED26BEC60F00E0EC58 /* ModelData.swift */,
			);
			path = Model;
			sourceTree = "<group>";
		};
		A99CBEEC26BD12E900E0EC58 /* View */ = {
			isa = PBXGroup;
			children = (
			);
			path = View;
			sourceTree = "<group>";
		};
		A99F9EFC26BC140F003A2D41 = {
			isa = PBXGroup;
			children = (
				A99F9F0726BC140F003A2D41 /* FlaggedDown */,
				A99F9F0626BC140F003A2D41 /* Products */,
			);
			sourceTree = "<group>";
		};
		A99F9F0626BC140F003A2D41 /* Products */ = {
			isa = PBXGroup;
			children = (
				A99F9F0526BC140F003A2D41 /* FlaggedDown.app */,
			);
			name = Products;
			sourceTree = "<group>";
		};
		A99F9F0726BC140F003A2D41 /* FlaggedDown */ = {
			isa = PBXGroup;
			children = (
				A99F9F0826BC140F003A2D41 /* FlaggedDownApp.swift */,
				A99CBEEC26BD12E900E0EC58 /* View */,
				A99CBEEB26BD12DD00E0EC58 /* Model */,
				A99F9F0A26BC140F003A2D41 /* ContentView.swift */,
				A99CBEF126C0DB8800E0EC58 /* MapView.swift */,
				A99CBEE226BCC28800E0EC58 /* CircleImage.swift */,
				A99CBEE626BD10C000E0EC58 /* Resources */,
				A99F9F0C26BC1410003A2D41 /* Assets.xcassets */,
				A99F9F1126BC1410003A2D41 /* Info.plist */,
				A99F9F0E26BC1410003A2D41 /* Preview Content */,
			);
			path = FlaggedDown;
			sourceTree = "<group>";
		};
		A99F9F0E26BC1410003A2D41 /* Preview Content */ = {
			isa = PBXGroup;
			children = (
				A99F9F0F26BC1410003A2D41 /* Preview Assets.xcassets */,
			);
			path = "Preview Content";
			sourceTree = "<group>";
		};
/* End PBXGroup section */

/* Begin PBXNativeTarget section */
		A99F9F0426BC140F003A2D41 /* FlaggedDown */ = {
			isa = PBXNativeTarget;
			buildConfigurationList = A99F9F1426BC1410003A2D41 /* Build configuration list for PBXNativeTarget "FlaggedDown" */;
			buildPhases = (
				A99F9F0126BC140F003A2D41 /* Sources */,
				A99F9F0226BC140F003A2D41 /* Frameworks */,
				A99F9F0326BC140F003A2D41 /* Resources */,
			);
			buildRules = (
			);
			dependencies = (
			);
			name = FlaggedDown;
			productName = FlaggedDown;
			productReference = A99F9F0526BC140F003A2D41 /* FlaggedDown.app */;
			productType = "com.apple.product-type.application";
		};
/* End PBXNativeTarget section */

/* Begin PBXProject section */
		A99F9EFD26BC140F003A2D41 /* Project object */ = {
			isa = PBXProject;
			attributes = {
				LastSwiftUpdateCheck = 1250;
				LastUpgradeCheck = 1250;
				TargetAttributes = {
					A99F9F0426BC140F003A2D41 = {
						CreatedOnToolsVersion = 12.5.1;
					};
				};
			};
			buildConfigurationList = A99F9F0026BC140F003A2D41 /* Build configuration list for PBXProject "FlaggedDown" */;
			compatibilityVersion = "Xcode 9.3";
			developmentRegion = en;
			hasScannedForEncodings = 0;
			knownRegions = (
				en,
				Base,
			);
			mainGroup = A99F9EFC26BC140F003A2D41;
			productRefGroup = A99F9F0626BC140F003A2D41 /* Products */;
			projectDirPath = "";
			projectRoot = "";
			targets = (
				A99F9F0426BC140F003A2D41 /* FlaggedDown */,
			);
		};
/* End PBXProject section */

/* Begin PBXResourcesBuildPhase section */
		A99F9F0326BC140F003A2D41 /* Resources */ = {
			isa = PBXResourcesBuildPhase;
			buildActionMask = 2147483647;
			files = (
				A99F9F1026BC1410003A2D41 /* Preview Assets.xcassets in Resources */,
				A99F9F0D26BC1410003A2D41 /* Assets.xcassets in Resources */,
				A99CBEF026BEC6C400E0EC58 /* taxi.json in Resources */,
			);
			runOnlyForDeploymentPostprocessing = 0;
		};
/* End PBXResourcesBuildPhase section */

/* Begin PBXSourcesBuildPhase section */
		A99F9F0126BC140F003A2D41 /* Sources */ = {
			isa = PBXSourcesBuildPhase;
			buildActionMask = 2147483647;
			files = (
				A99CBEF226C0DB8800E0EC58 /* MapView.swift in Sources */,
				A99F9F0B26BC140F003A2D41 /* ContentView.swift in Sources */,
				A99CBEEA26BD10F600E0EC58 /* Taxi.swift in Sources */,
				A99F9F0926BC140F003A2D41 /* FlaggedDownApp.swift in Sources */,
				A99CBEE326BCC28800E0EC58 /* CircleImage.swift in Sources */,
				A99CBEEE26BEC60F00E0EC58 /* ModelData.swift in Sources */,
			);
			runOnlyForDeploymentPostprocessing = 0;
		};
/* End PBXSourcesBuildPhase section */

/* Begin XCBuildConfiguration section */
		A99F9F1226BC1410003A2D41 /* Debug */ = {
			isa = XCBuildConfiguration;
			buildSettings = {
				ALWAYS_SEARCH_USER_PATHS = NO;
				CLANG_ANALYZER_NONNULL = YES;
				CLANG_ANALYZER_NUMBER_OBJECT_CONVERSION = YES_AGGRESSIVE;
				CLANG_CXX_LANGUAGE_STANDARD = "gnu++14";
				CLANG_CXX_LIBRARY = "libc++";
				CLANG_ENABLE_MODULES = YES;
				CLANG_ENABLE_OBJC_ARC = YES;
				CLANG_ENABLE_OBJC_WEAK = YES;
				CLANG_WARN_BLOCK_CAPTURE_AUTORELEASING = YES;
				CLANG_WARN_BOOL_CONVERSION = YES;
				CLANG_WARN_COMMA = YES;
				CLANG_WARN_CONSTANT_CONVERSION = YES;
				CLANG_WARN_DEPRECATED_OBJC_IMPLEMENTATIONS = YES;
				CLANG_WARN_DIRECT_OBJC_ISA_USAGE = YES_ERROR;
				CLANG_WARN_DOCUMENTATION_COMMENTS = YES;
				CLANG_WARN_EMPTY_BODY = YES;
				CLANG_WARN_ENUM_CONVERSION = YES;
				CLANG_WARN_INFINITE_RECURSION = YES;
				CLANG_WARN_INT_CONVERSION = YES;
				CLANG_WARN_NON_LITERAL_NULL_CONVERSION = YES;
				CLANG_WARN_OBJC_IMPLICIT_RETAIN_SELF = YES;
				CLANG_WARN_OBJC_LITERAL_CONVERSION = YES;
				CLANG_WARN_OBJC_ROOT_CLASS = YES_ERROR;
				CLANG_WARN_QUOTED_INCLUDE_IN_FRAMEWORK_HEADER = YES;
				CLANG_WARN_RANGE_LOOP_ANALYSIS = YES;
				CLANG_WARN_STRICT_PROTOTYPES = YES;
				CLANG_WARN_SUSPICIOUS_MOVE = YES;
				CLANG_WARN_UNGUARDED_AVAILABILITY = YES_AGGRESSIVE;
				CLANG_WARN_UNREACHABLE_CODE = YES;
				CLANG_WARN__DUPLICATE_METHOD_MATCH = YES;
				COPY_PHASE_STRIP = NO;
				DEBUG_INFORMATION_FORMAT = dwarf;
				ENABLE_STRICT_OBJC_MSGSEND = YES;
				ENABLE_TESTABILITY = YES;
				GCC_C_LANGUAGE_STANDARD = gnu11;
				GCC_DYNAMIC_NO_PIC = NO;
				GCC_NO_COMMON_BLOCKS = YES;
				GCC_OPTIMIZATION_LEVEL = 0;
				GCC_PREPROCESSOR_DEFINITIONS = (
					"DEBUG=1",
					"$(inherited)",
				);
				GCC_WARN_64_TO_32_BIT_CONVERSION = YES;
				GCC_WARN_ABOUT_RETURN_TYPE = YES_ERROR;
				GCC_WARN_UNDECLARED_SELECTOR = YES;
				GCC_WARN_UNINITIALIZED_AUTOS = YES_AGGRESSIVE;
				GCC_WARN_UNUSED_FUNCTION = YES;
				GCC_WARN_UNUSED_VARIABLE = YES;
				IPHONEOS_DEPLOYMENT_TARGET = 14.5;
				MTL_ENABLE_DEBUG_INFO = INCLUDE_SOURCE;
				MTL_FAST_MATH = YES;
				ONLY_ACTIVE_ARCH = YES;
				SDKROOT = iphoneos;
				SWIFT_ACTIVE_COMPILATION_CONDITIONS = DEBUG;
				SWIFT_OPTIMIZATION_LEVEL = "-Onone";
			};
			name = Debug;
		};
		A99F9F1326BC1410003A2D41 /* Release */ = {
			isa = XCBuildConfiguration;
			buildSettings = {
				ALWAYS_SEARCH_USER_PATHS = NO;
				CLANG_ANALYZER_NONNULL = YES;
				CLANG_ANALYZER_NUMBER_OBJECT_CONVERSION = YES_AGGRESSIVE;
				CLANG_CXX_LANGUAGE_STANDARD = "gnu++14";
				CLANG_CXX_LIBRARY = "libc++";
				CLANG_ENABLE_MODULES = YES;
				CLANG_ENABLE_OBJC_ARC = YES;
				CLANG_ENABLE_OBJC_WEAK = YES;
				CLANG_WARN_BLOCK_CAPTURE_AUTORELEASING = YES;
				CLANG_WARN_BOOL_CONVERSION = YES;
				CLANG_WARN_COMMA = YES;
				CLANG_WARN_CONSTANT_CONVERSION = YES;
				CLANG_WARN_DEPRECATED_OBJC_IMPLEMENTATIONS = YES;
				CLANG_WARN_DIRECT_OBJC_ISA_USAGE = YES_ERROR;
				CLANG_WARN_DOCUMENTATION_COMMENTS = YES;
				CLANG_WARN_EMPTY_BODY = YES;
				CLANG_WARN_ENUM_CONVERSION = YES;
				CLANG_WARN_INFINITE_RECURSION = YES;
				CLANG_WARN_INT_CONVERSION = YES;
				CLANG_WARN_NON_LITERAL_NULL_CONVERSION = YES;
				CLANG_WARN_OBJC_IMPLICIT_RETAIN_SELF = YES;
				CLANG_WARN_OBJC_LITERAL_CONVERSION = YES;
				CLANG_WARN_OBJC_ROOT_CLASS = YES_ERROR;
				CLANG_WARN_QUOTED_INCLUDE_IN_FRAMEWORK_HEADER = YES;
				CLANG_WARN_RANGE_LOOP_ANALYSIS = YES;
				CLANG_WARN_STRICT_PROTOTYPES = YES;
				CLANG_WARN_SUSPICIOUS_MOVE = YES;
				CLANG_WARN_UNGUARDED_AVAILABILITY = YES_AGGRESSIVE;
				CLANG_WARN_UNREACHABLE_CODE = YES;
				CLANG_WARN__DUPLICATE_METHOD_MATCH = YES;
				COPY_PHASE_STRIP = NO;
				DEBUG_INFORMATION_FORMAT = "dwarf-with-dsym";
				ENABLE_NS_ASSERTIONS = NO;
				ENABLE_STRICT_OBJC_MSGSEND = YES;
				GCC_C_LANGUAGE_STANDARD = gnu11;
				GCC_NO_COMMON_BLOCKS = YES;
				GCC_WARN_64_TO_32_BIT_CONVERSION = YES;
				GCC_WARN_ABOUT_RETURN_TYPE = YES_ERROR;
				GCC_WARN_UNDECLARED_SELECTOR = YES;
				GCC_WARN_UNINITIALIZED_AUTOS = YES_AGGRESSIVE;
				GCC_WARN_UNUSED_FUNCTION = YES;
				GCC_WARN_UNUSED_VARIABLE = YES;
				IPHONEOS_DEPLOYMENT_TARGET = 14.5;
				MTL_ENABLE_DEBUG_INFO = NO;
				MTL_FAST_MATH = YES;
				SDKROOT = iphoneos;
				SWIFT_COMPILATION_MODE = wholemodule;
				SWIFT_OPTIMIZATION_LEVEL = "-O";
				VALIDATE_PRODUCT = YES;
			};
			name = Release;
		};
		A99F9F1526BC1410003A2D41 /* Debug */ = {
			isa = XCBuildConfiguration;
			buildSettings = {
				ASSETCATALOG_COMPILER_APPICON_NAME = AppIcon;
				ASSETCATALOG_COMPILER_GLOBAL_ACCENT_COLOR_NAME = AccentColor;
				CODE_SIGN_STYLE = Automatic;
				DEVELOPMENT_ASSET_PATHS = "\"FlaggedDown/Preview Content\"";
				ENABLE_PREVIEWS = YES;
				INFOPLIST_FILE = FlaggedDown/Info.plist;
				IPHONEOS_DEPLOYMENT_TARGET = 14.0;
				LD_RUNPATH_SEARCH_PATHS = (
					"$(inherited)",
					"@executable_path/Frameworks",
				);
				PRODUCT_BUNDLE_IDENTIFIER = com.example.nickszeto.FlaggedDown;
				PRODUCT_NAME = "$(TARGET_NAME)";
				SWIFT_VERSION = 5.0;
				TARGETED_DEVICE_FAMILY = "1,2";
			};
			name = Debug;
		};
		A99F9F1626BC1410003A2D41 /* Release */ = {
			isa = XCBuildConfiguration;
			buildSettings = {
				ASSETCATALOG_COMPILER_APPICON_NAME = AppIcon;
				ASSETCATALOG_COMPILER_GLOBAL_ACCENT_COLOR_NAME = AccentColor;
				CODE_SIGN_STYLE = Automatic;
				DEVELOPMENT_ASSET_PATHS = "\"FlaggedDown/Preview Content\"";
				ENABLE_PREVIEWS = YES;
				INFOPLIST_FILE = FlaggedDown/Info.plist;
				IPHONEOS_DEPLOYMENT_TARGET = 14.0;
				LD_RUNPATH_SEARCH_PATHS = (
					"$(inherited)",
					"@executable_path/Frameworks",
				);
				PRODUCT_BUNDLE_IDENTIFIER = com.example.nickszeto.FlaggedDown;
				PRODUCT_NAME = "$(TARGET_NAME)";
				SWIFT_VERSION = 5.0;
				TARGETED_DEVICE_FAMILY = "1,2";
			};
			name = Release;
		};
/* End XCBuildConfiguration section */

/* Begin XCConfigurationList section */
		A99F9F0026BC140F003A2D41 /* Build configuration list for PBXProject "FlaggedDown" */ = {
			isa = XCConfigurationList;
			buildConfigurations = (
				A99F9F1226BC1410003A2D41 /* Debug */,
				A99F9F1326BC1410003A2D41 /* Release */,
			);
			defaultConfigurationIsVisible = 0;
			defaultConfigurationName = Release;
		};
		A99F9F1426BC1410003A2D41 /* Build configuration list for PBXNativeTarget "FlaggedDown" */ = {
			isa = XCConfigurationList;
			buildConfigurations = (
				A99F9F1526BC1410003A2D41 /* Debug */,
				A99F9F1626BC1410003A2D41 /* Release */,
			);
			defaultConfigurationIsVisible = 0;
			defaultConfigurationName = Release;
		};
/* End XCConfigurationList section */
	};
	rootObject = A99F9EFD26BC140F003A2D41 /* Project object */;
}
